
Microsoft Visual Studio Solution File, Format Version 12.00
# Visual Studio Version 17
VisualStudioVersion = 17.0.31903.59
MinimumVisualStudioVersion = 10.0.40219.1
Project("{2150E333-8FDC-42A3-9474-1A3956D46DE8}") = "Backend", "Backend", "{1AE8ACA6-933B-BF2A-3671-3E2EAC007D16}"
EndProject
Project("{FAE04EC0-301F-11D3-BF4B-00C04F79EFBC}") = "Platform.AgenticWork", "backend\Platform.AgenticWork\Platform.AgenticWork.csproj", "{3C12EB45-20AF-473F-ACB7-12FB8A20E810}"
EndProject
Project("{FAE04EC0-301F-11D3-BF4B-00C04F79EFBC}") = "Platform.Api", "backend\Platform.Api\Platform.Api.csproj", "{5D27B3E5-145B-40B2-8A66-E8F8E1C20E7A}"
EndProject
Project("{FAE04EC0-301F-11D3-BF4B-00C04F79EFBC}") = "Platform.Application", "backend\Platform.Application\Platform.Application.csproj", "{BA410633-00E2-4583-96CE-CCA679355A16}"
EndProject
Project("{FAE04EC0-301F-11D3-BF4B-00C04F79EFBC}") = "Platform.Domain", "backend\Platform.Domain\Platform.Domain.csproj", "{81A8B0AC-8981-485B-86D6-82AB7325C4D0}"
EndProject
Project("{FAE04EC0-301F-11D3-BF4B-00C04F79EFBC}") = "Platform.EnterpriseModel", "backend\Platform.EnterpriseModel\Platform.EnterpriseModel.csproj", "{42E27065-67E3-4A28-8EA6-3DC4313DEB8B}"
EndProject
Project("{FAE04EC0-301F-11D3-BF4B-00C04F79EFBC}") = "Platform.Evidence", "backend\Platform.Evidence\Platform.Evidence.csproj", "{CF492A83-2F59-473D-A6ED-B9F4CA54060F}"
EndProject
Project("{FAE04EC0-301F-11D3-BF4B-00C04F79EFBC}") = "Platform.Governance", "backend\Platform.Governance\Platform.Governance.csproj", "{765B6C61-7E0D-4DE2-BC88-CF2F74C0B576}"
EndProject
Project("{FAE04EC0-301F-11D3-BF4B-00C04F79EFBC}") = "Platform.Identity", "backend\Platform.Identity\Platform.Identity.csproj", "{D31DA095-3196-44B1-B953-946C56CAE3F2}"
EndProject
Project("{FAE04EC0-301F-11D3-BF4B-00C04F79EFBC}") = "Platform.Infrastructure", "backend\Platform.Infrastructure\Platform.Infrastructure.csproj", "{6C62FF4E-E06C-4ED2-8B25-C9D8495AF0AA}"
EndProject
Project("{FAE04EC0-301F-11D3-BF4B-00C04F79EFBC}") = "Platform.Integrations", "backend\Platform.Integrations\Platform.Integrations.csproj", "{396F717B-26CB-42FE-B3AF-DB65B9BCA272}"
EndProject
Project("{FAE04EC0-301F-11D3-BF4B-00C04F79EFBC}") = "Platform.Knowledge", "backend\Platform.Knowledge\Platform.Knowledge.csproj", "{D62C7C14-5FF6-4F4F-82D2-D8164E79A2C2}"
EndProject
Project("{FAE04EC0-301F-11D3-BF4B-00C04F79EFBC}") = "Platform.Modeling", "backend\Platform.Modeling\Platform.Modeling.csproj", "{C3008290-4D75-48BE-A379-2A63445A23D1}"
EndProject
Project("{FAE04EC0-301F-11D3-BF4B-00C04F79EFBC}") = "Platform.Observability", "backend\Platform.Observability\Platform.Observability.csproj", "{C2D2D728-4BA7-4BF8-961E-FCF156D4BDE4}"
EndProject
Project("{FAE04EC0-301F-11D3-BF4B-00C04F79EFBC}") = "Platform.SoftwareFactory", "backend\Platform.SoftwareFactory\Platform.SoftwareFactory.csproj", "{E733C1DB-127D-4AF1-92D5-EEB0F7E4184D}"
EndProject
Project("{2150E333-8FDC-42A3-9474-1A3956D46DE8}") = "Frontend", "Frontend", "{CE609670-85B9-0D16-FB54-ED063D5D8A6D}"
EndProject
Project("{FAE04EC0-301F-11D3-BF4B-00C04F79EFBC}") = "Platform.Web", "frontend\Platform.Web\Platform.Web.csproj", "{A3600741-4A89-4DC4-AF04-57B763730739}"
EndProject
Project("{2150E333-8FDC-42A3-9474-1A3956D46DE8}") = "Documentation", "Documentation", "{6D61E5DB-46A7-4C10-A99D-14A769A1F6A1}"
	ProjectSection(SolutionItems) = preProject
		PROJECT_STATUS.md = PROJECT_STATUS.md
		docs\PROJECT_MASTER_SPECIFICATION_V2.md = docs\PROJECT_MASTER_SPECIFICATION_V2.md
		docs\30_PHASE_ROADMAP.md = docs\30_PHASE_ROADMAP.md
		docs\phase-01\PRODUCT_CONSTITUTION.md = docs\phase-01\PRODUCT_CONSTITUTION.md
		docs\phase-01\ADR-001-PLATFORM-BOUNDARIES.md = docs\phase-01\ADR-001-PLATFORM-BOUNDARIES.md
		docs\phase-01\PHASE_01_ACCEPTANCE.md = docs\phase-01\PHASE_01_ACCEPTANCE.md
		docs\phase-02\UX_AND_ROLES.md = docs\phase-02\UX_AND_ROLES.md
		docs\phase-02\PERSONA_ACCESS_MATRIX.md = docs\phase-02\PERSONA_ACCESS_MATRIX.md
		docs\phase-02\PHASE_02_ACCEPTANCE.md = docs\phase-02\PHASE_02_ACCEPTANCE.md
		docs\phase-03\BACKEND_FOUNDATION.md = docs\phase-03\BACKEND_FOUNDATION.md
		docs\phase-03\PHASE_03_ACCEPTANCE.md = docs\phase-03\PHASE_03_ACCEPTANCE.md
		Directory.Build.props = Directory.Build.props
		AGENTS.md = AGENTS.md
		project-os\README.md = project-os\README.md
		project-os\project-state.json = project-os\project-state.json
		docs\REMOTE_WORKFLOW.md = docs\REMOTE_WORKFLOW.md
	EndProjectSection
EndProject
Project("{2150E333-8FDC-42A3-9474-1A3956D46DE8}") = "Project OS", "Project OS", "{2B478A5C-4CE0-4D1D-AF23-E4327092045D}"
	ProjectSection(SolutionItems) = preProject
		scripts\show-project-state.ps1 = scripts\show-project-state.ps1
		scripts\verify-project.ps1 = scripts\verify-project.ps1
	EndProjectSection
EndProject
Global
	GlobalSection(SolutionConfigurationPlatforms) = preSolution
		Debug|Any CPU = Debug|Any CPU
		Debug|x64 = Debug|x64
		Debug|x86 = Debug|x86
		Release|Any CPU = Release|Any CPU
		Release|x64 = Release|x64
		Release|x86 = Release|x86
	EndGlobalSection
	GlobalSection(ProjectConfigurationPlatforms) = postSolution
		{3C12EB45-20AF-473F-ACB7-12FB8A20E810}.Debug|Any CPU.ActiveCfg = Debug|Any CPU
		{3C12EB45-20AF-473F-ACB7-12FB8A20E810}.Debug|Any CPU.Build.0 = Debug|Any CPU
		{3C12EB45-20AF-473F-ACB7-12FB8A20E810}.Debug|x64.ActiveCfg = Debug|Any CPU
		{3C12EB45-20AF-473F-ACB7-12FB8A20E810}.Debug|x64.Build.0 = Debug|Any CPU
		{3C12EB45-20AF-473F-ACB7-12FB8A20E810}.Debug|x86.ActiveCfg = Debug|Any CPU
		{3C12EB45-20AF-473F-ACB7-12FB8A20E810}.Debug|x86.Build.0 = Debug|Any CPU
		{3C12EB45-20AF-473F-ACB7-12FB8A20E810}.Release|Any CPU.ActiveCfg = Release|Any CPU
		{3C12EB45-20AF-473F-ACB7-12FB8A20E810}.Release|Any CPU.Build.0 = Release|Any CPU
		{3C12EB45-20AF-473F-ACB7-12FB8A20E810}.Release|x64.ActiveCfg = Release|Any CPU
		{3C12EB45-20AF-473F-ACB7-12FB8A20E810}.Release|x64.Build.0 = Release|Any CPU
		{3C12EB45-20AF-473F-ACB7-12FB8A20E810}.Release|x86.ActiveCfg = Release|Any CPU
		{3C12EB45-20AF-473F-ACB7-12FB8A20E810}.Release|x86.Build.0 = Release|Any CPU
		{5D27B3E5-145B-40B2-8A66-E8F8E1C20E7A}.Debug|Any CPU.ActiveCfg = Debug|Any CPU
		{5D27B3E5-145B-40B2-8A66-E8F8E1C20E7A}.Debug|Any CPU.Build.0 = Debug|Any CPU
		{5D27B3E5-145B-40B2-8A66-E8F8E1C20E7A}.Debug|x64.ActiveCfg = Debug|Any CPU
		{5D27B3E5-145B-40B2-8A66-E8F8E1C20E7A}.Debug|x64.Build.0 = Debug|Any CPU
		{5D27B3E5-145B-40B2-8A66-E8F8E1C20E7A}.Debug|x86.ActiveCfg = Debug|Any CPU
		{5D27B3E5-145B-40B2-8A66-E8F8E1C20E7A}.Debug|x86.Build.0 = Debug|Any CPU
		{5D27B3E5-145B-40B2-8A66-E8F8E1C20E7A}.Release|Any CPU.ActiveCfg = Release|Any CPU
		{5D27B3E5-145B-40B2-8A66-E8F8E1C20E7A}.Release|Any CPU.Build.0 = Release|Any CPU
		{5D27B3E5-145B-40B2-8A66-E8F8E1C20E7A}.Release|x64.ActiveCfg = Release|Any CPU
		{5D27B3E5-145B-40B2-8A66-E8F8E1C20E7A}.Release|x64.Build.0 = Release|Any CPU
		{5D27B3E5-145B-40B2-8A66-E8F8E1C20E7A}.Release|x86.ActiveCfg = Release|Any CPU
		{5D27B3E5-145B-40B2-8A66-E8F8E1C20E7A}.Release|x86.Build.0 = Release|Any CPU
		{BA410633-00E2-4583-96CE-CCA679355A16}.Debug|Any CPU.ActiveCfg = Debug|Any CPU
		{BA410633-00E2-4583-96CE-CCA679355A16}.Debug|Any CPU.Build.0 = Debug|Any CPU
		{BA410633-00E2-4583-96CE-CCA679355A16}.Debug|x64.ActiveCfg = Debug|Any CPU
		{BA410633-00E2-4583-96CE-CCA679355A16}.Debug|x64.Build.0 = Debug|Any CPU
		{BA410633-00E2-4583-96CE-CCA679355A16}.Debug|x86.ActiveCfg = Debug|Any CPU
		{BA410633-00E2-4583-96CE-CCA679355A16}.Debug|x86.Build.0 = Debug|Any CPU
		{BA410633-00E2-4583-96CE-CCA679355A16}.Release|Any CPU.ActiveCfg = Release|Any CPU
		{BA410633-00E2-4583-96CE-CCA679355A16}.Release|Any CPU.Build.0 = Release|Any CPU
		{BA410633-00E2-4583-96CE-CCA679355A16}.Release|x64.ActiveCfg = Release|Any CPU
		{BA410633-00E2-4583-96CE-CCA679355A16}.Release|x64.Build.0 = Release|Any CPU
		{BA410633-00E2-4583-96CE-CCA679355A16}.Release|x86.ActiveCfg = Release|Any CPU
		{BA410633-00E2-4583-96CE-CCA679355A16}.Release|x86.Build.0 = Release|Any CPU
		{81A8B0AC-8981-485B-86D6-82AB7325C4D0}.Debug|Any CPU.ActiveCfg = Debug|Any CPU
		{81A8B0AC-8981-485B-86D6-82AB7325C4D0}.Debug|Any CPU.Build.0 = Debug|Any CPU
		{81A8B0AC-8981-485B-86D6-82AB7325C4D0}.Debug|x64.ActiveCfg = Debug|Any CPU
		{81A8B0AC-8981-485B-86D6-82AB7325C4D0}.Debug|x64.Build.0 = Debug|Any CPU
		{81A8B0AC-8981-485B-86D6-82AB7325C4D0}.Debug|x86.ActiveCfg = Debug|Any CPU
		{81A8B0AC-8981-485B-86D6-82AB7325C4D0}.Debug|x86.Build.0 = Debug|Any CPU
		{81A8B0AC-8981-485B-86D6-82AB7325C4D0}.Release|Any CPU.ActiveCfg = Release|Any CPU
		{81A8B0AC-8981-485B-86D6-82AB7325C4D0}.Release|Any CPU.Build.0 = Release|Any CPU
		{81A8B0AC-8981-485B-86D6-82AB7325C4D0}.Release|x64.ActiveCfg = Release|Any CPU
		{81A8B0AC-8981-485B-86D6-82AB7325C4D0}.Release|x64.Build.0 = Release|Any CPU
		{81A8B0AC-8981-485B-86D6-82AB7325C4D0}.Release|x86.ActiveCfg = Release|Any CPU
		{81A8B0AC-8981-485B-86D6-82AB7325C4D0}.Release|x86.Build.0 = Release|Any CPU
		{42E27065-67E3-4A28-8EA6-3DC4313DEB8B}.Debug|Any CPU.ActiveCfg = Debug|Any CPU
		{42E27065-67E3-4A28-8EA6-3DC4313DEB8B}.Debug|Any CPU.Build.0 = Debug|Any CPU
		{42E27065-67E3-4A28-8EA6-3DC4313DEB8B}.Debug|x64.ActiveCfg = Debug|Any CPU
		{42E27065-67E3-4A28-8EA6-3DC4313DEB8B}.Debug|x64.Build.0 = Debug|Any CPU
		{42E27065-67E3-4A28-8EA6-3DC4313DEB8B}.Debug|x86.ActiveCfg = Debug|Any CPU
		{42E27065-67E3-4A28-8EA6-3DC4313DEB8B}.Debug|x86.Build.0 = Debug|Any CPU
		{42E27065-67E3-4A28-8EA6-3DC4313DEB8B}.Release|Any CPU.ActiveCfg = Release|Any CPU
		{42E27065-67E3-4A28-8EA6-3DC4313DEB8B}.Release|Any CPU.Build.0 = Release|Any CPU
		{42E27065-67E3-4A28-8EA6-3DC4313DEB8B}.Release|x64.ActiveCfg = Release|Any CPU
		{42E27065-67E3-4A28-8EA6-3DC4313DEB8B}.Release|x64.Build.0 = Release|Any CPU
		{42E27065-67E3-4A28-8EA6-3DC4313DEB8B}.Release|x86.ActiveCfg = Release|Any CPU
		{42E27065-67E3-4A28-8EA6-3DC4313DEB8B}.Release|x86.Build.0 = Release|Any CPU
		{CF492A83-2F59-473D-A6ED-B9F4CA54060F}.Debug|Any CPU.ActiveCfg = Debug|Any CPU
		{CF492A83-2F59-473D-A6ED-B9F4CA54060F}.Debug|Any CPU.Build.0 = Debug|Any CPU
		{CF492A83-2F59-473D-A6ED-B9F4CA54060F}.Debug|x64.ActiveCfg = Debug|Any CPU
		{CF492A83-2F59-473D-A6ED-B9F4CA54060F}.Debug|x64.Build.0 = Debug|Any CPU
		{CF492A83-2F59-473D-A6ED-B9F4CA54060F}.Debug|x86.ActiveCfg = Debug|Any CPU
		{CF492A83-2F59-473D-A6ED-B9F4CA54060F}.Debug|x86.Build.0 = Debug|Any CPU
		{CF492A83-2F59-473D-A6ED-B9F4CA54060F}.Release|Any CPU.ActiveCfg = Release|Any CPU
		{CF492A83-2F59-473D-A6ED-B9F4CA54060F}.Release|Any CPU.Build.0 = Release|Any CPU
		{CF492A83-2F59-473D-A6ED-B9F4CA54060F}.Release|x64.ActiveCfg = Release|Any CPU
		{CF492A83-2F59-473D-A6ED-B9F4CA54060F}.Release|x64.Build.0 = Release|Any CPU
		{CF492A83-2F59-473D-A6ED-B9F4CA54060F}.Release|x86.ActiveCfg = Release|Any CPU
		{CF492A83-2F59-473D-A6ED-B9F4CA54060F}.Release|x86.Build.0 = Release|Any CPU
		{765B6C61-7E0D-4DE2-BC88-CF2F74C0B576}.Debug|Any CPU.ActiveCfg = Debug|Any CPU
		{765B6C61-7E0D-4DE2-BC88-CF2F74C0B576}.Debug|Any CPU.Build.0 = Debug|Any CPU
		{765B6C61-7E0D-4DE2-BC88-CF2F74C0B576}.Debug|x64.ActiveCfg = Debug|Any CPU
		{765B6C61-7E0D-4DE2-BC88-CF2F74C0B576}.Debug|x64.Build.0 = Debug|Any CPU
		{765B6C61-7E0D-4DE2-BC88-CF2F74C0B576}.Debug|x86.ActiveCfg = Debug|Any CPU
		{765B6C61-7E0D-4DE2-BC88-CF2F74C0B576}.Debug|x86.Build.0 = Debug|Any CPU
		{765B6C61-7E0D-4DE2-BC88-CF2F74C0B576}.Release|Any CPU.ActiveCfg = Release|Any CPU
		{765B6C61-7E0D-4DE2-BC88-CF2F74C0B576}.Release|Any CPU.Build.0 = Release|Any CPU
		{765B6C61-7E0D-4DE2-BC88-CF2F74C0B576}.Release|x64.ActiveCfg = Release|Any CPU
		{765B6C61-7E0D-4DE2-BC88-CF2F74C0B576}.Release|x64.Build.0 = Release|Any CPU
		{765B6C61-7E0D-4DE2-BC88-CF2F74C0B576}.Release|x86.ActiveCfg = Release|Any CPU
		{765B6C61-7E0D-4DE2-BC88-CF2F74C0B576}.Release|x86.Build.0 = Release|Any CPU
		{D31DA095-3196-44B1-B953-946C56CAE3F2}.Debug|Any CPU.ActiveCfg = Debug|Any CPU
		{D31DA095-3196-44B1-B953-946C56CAE3F2}.Debug|Any CPU.Build.0 = Debug|Any CPU
		{D31DA095-3196-44B1-B953-946C56CAE3F2}.Debug|x64.ActiveCfg = Debug|Any CPU
		{D31DA095-3196-44B1-B953-946C56CAE3F2}.Debug|x64.Build.0 = Debug|Any CPU
		{D31DA095-3196-44B1-B953-946C56CAE3F2}.Debug|x86.ActiveCfg = Debug|Any CPU
		{D31DA095-3196-44B1-B953-946C56CAE3F2}.Debug|x86.Build.0 = Debug|Any CPU
		{D31DA095-3196-44B1-B953-946C56CAE3F2}.Release|Any CPU.ActiveCfg = Release|Any CPU
		{D31DA095-3196-44B1-B953-946C56CAE3F2}.Release|Any CPU.Build.0 = Release|Any CPU
		{D31DA095-3196-44B1-B953-946C56CAE3F2}.Release|x64.ActiveCfg = Release|Any CPU
		{D31DA095-3196-44B1-B953-946C56CAE3F2}.Release|x64.Build.0 = Release|Any CPU
		{D31DA095-3196-44B1-B953-946C56CAE3F2}.Release|x86.ActiveCfg = Release|Any CPU
		{D31DA095-3196-44B1-B953-946C56CAE3F2}.Release|x86.Build.0 = Release|Any CPU
		{6C62FF4E-E06C-4ED2-8B25-C9D8495AF0AA}.Debug|Any CPU.ActiveCfg = Debug|Any CPU
		{6C62FF4E-E06C-4ED2-8B25-C9D8495AF0AA}.Debug|Any CPU.Build.0 = Debug|Any CPU
		{6C62FF4E-E06C-4ED2-8B25-C9D8495AF0AA}.Debug|x64.ActiveCfg = Debug|Any CPU
		{6C62FF4E-E06C-4ED2-8B25-C9D8495AF0AA}.Debug|x64.Build.0 = Debug|Any CPU
		{6C62FF4E-E06C-4ED2-8B25-C9D8495AF0AA}.Debug|x86.ActiveCfg = Debug|Any CPU
		{6C62FF4E-E06C-4ED2-8B25-C9D8495AF0AA}.Debug|x86.Build.0 = Debug|Any CPU
		{6C62FF4E-E06C-4ED2-8B25-C9D8495AF0AA}.Release|Any CPU.ActiveCfg = Release|Any CPU
		{6C62FF4E-E06C-4ED2-8B25-C9D8495AF0AA}.Release|Any CPU.Build.0 = Release|Any CPU
		{6C62FF4E-E06C-4ED2-8B25-C9D8495AF0AA}.Release|x64.ActiveCfg = Release|Any CPU
		{6C62FF4E-E06C-4ED2-8B25-C9D8495AF0AA}.Release|x64.Build.0 = Release|Any CPU
		{6C62FF4E-E06C-4ED2-8B25-C9D8495AF0AA}.Release|x86.ActiveCfg = Release|Any CPU
		{6C62FF4E-E06C-4ED2-8B25-C9D8495AF0AA}.Release|x86.Build.0 = Release|Any CPU
		{396F717B-26CB-42FE-B3AF-DB65B9BCA272}.Debug|Any CPU.ActiveCfg = Debug|Any CPU
		{396F717B-26CB-42FE-B3AF-DB65B9BCA272}.Debug|Any CPU.Build.0 = Debug|Any CPU
		{396F717B-26CB-42FE-B3AF-DB65B9BCA272}.Debug|x64.ActiveCfg = Debug|Any CPU
		{396F717B-26CB-42FE-B3AF-DB65B9BCA272}.Debug|x64.Build.0 = Debug|Any CPU
		{396F717B-26CB-42FE-B3AF-DB65B9BCA272}.Debug|x86.ActiveCfg = Debug|Any CPU
		{396F717B-26CB-42FE-B3AF-DB65B9BCA272}.Debug|x86.Build.0 = Debug|Any CPU
		{396F717B-26CB-42FE-B3AF-DB65B9BCA272}.Release|Any CPU.ActiveCfg = Release|Any CPU
		{396F717B-26CB-42FE-B3AF-DB65B9BCA272}.Release|Any CPU.Build.0 = Release|Any CPU
		{396F717B-26CB-42FE-B3AF-DB65B9BCA272}.Release|x64.ActiveCfg = Release|Any CPU
		{396F717B-26CB-42FE-B3AF-DB65B9BCA272}.Release|x64.Build.0 = Release|Any CPU
		{396F717B-26CB-42FE-B3AF-DB65B9BCA272}.Release|x86.ActiveCfg = Release|Any CPU
		{396F717B-26CB-42FE-B3AF-DB65B9BCA272}.Release|x86.Build.0 = Release|Any CPU
		{D62C7C14-5FF6-4F4F-82D2-D8164E79A2C2}.Debug|Any CPU.ActiveCfg = Debug|Any CPU
		{D62C7C14-5FF6-4F4F-82D2-D8164E79A2C2}.Debug|Any CPU.Build.0 = Debug|Any CPU
		{D62C7C14-5FF6-4F4F-82D2-D8164E79A2C2}.Debug|x64.ActiveCfg = Debug|Any CPU
		{D62C7C14-5FF6-4F4F-82D2-D8164E79A2C2}.Debug|x64.Build.0 = Debug|Any CPU
		{D62C7C14-5FF6-4F4F-82D2-D8164E79A2C2}.Debug|x86.ActiveCfg = Debug|Any CPU
		{D62C7C14-5FF6-4F4F-82D2-D8164E79A2C2}.Debug|x86.Build.0 = Debug|Any CPU
		{D62C7C14-5FF6-4F4F-82D2-D8164E79A2C2}.Release|Any CPU.ActiveCfg = Release|Any CPU
		{D62C7C14-5FF6-4F4F-82D2-D8164E79A2C2}.Release|Any CPU.Build.0 = Release|Any CPU
		{D62C7C14-5FF6-4F4F-82D2-D8164E79A2C2}.Release|x64.ActiveCfg = Release|Any CPU
		{D62C7C14-5FF6-4F4F-82D2-D8164E79A2C2}.Release|x64.Build.0 = Release|Any CPU
		{D62C7C14-5FF6-4F4F-82D2-D8164E79A2C2}.Release|x86.ActiveCfg = Release|Any CPU
		{D62C7C14-5FF6-4F4F-82D2-D8164E79A2C2}.Release|x86.Build.0 = Release|Any CPU
		{C3008290-4D75-48BE-A379-2A63445A23D1}.Debug|Any CPU.ActiveCfg = Debug|Any CPU
		{C3008290-4D75-48BE-A379-2A63445A23D1}.Debug|Any CPU.Build.0 = Debug|Any CPU
		{C3008290-4D75-48BE-A379-2A63445A23D1}.Debug|x64.ActiveCfg = Debug|Any CPU
		{C3008290-4D75-48BE-A379-2A63445A23D1}.Debug|x64.Build.0 = Debug|Any CPU
		{C3008290-4D75-48BE-A379-2A63445A23D1}.Debug|x86.ActiveCfg = Debug|Any CPU
		{C3008290-4D75-48BE-A379-2A63445A23D1}.Debug|x86.Build.0 = Debug|Any CPU
		{C3008290-4D75-48BE-A379-2A63445A23D1}.Release|Any CPU.ActiveCfg = Release|Any CPU
		{C3008290-4D75-48BE-A379-2A63445A23D1}.Release|Any CPU.Build.0 = Release|Any CPU
		{C3008290-4D75-48BE-A379-2A63445A23D1}.Release|x64.ActiveCfg = Release|Any CPU
		{C3008290-4D75-48BE-A379-2A63445A23D1}.Release|x64.Build.0 = Release|Any CPU
		{C3008290-4D75-48BE-A379-2A63445A23D1}.Release|x86.ActiveCfg = Release|Any CPU
		{C3008290-4D75-48BE-A379-2A63445A23D1}.Release|x86.Build.0 = Release|Any CPU
		{C2D2D728-4BA7-4BF8-961E-FCF156D4BDE4}.Debug|Any CPU.ActiveCfg = Debug|Any CPU
		{C2D2D728-4BA7-4BF8-961E-FCF156D4BDE4}.Debug|Any CPU.Build.0 = Debug|Any CPU
		{C2D2D728-4BA7-4BF8-961E-FCF156D4BDE4}.Debug|x64.ActiveCfg = Debug|Any CPU
		{C2D2D728-4BA7-4BF8-961E-FCF156D4BDE4}.Debug|x64.Build.0 = Debug|Any CPU
		{C2D2D728-4BA7-4BF8-961E-FCF156D4BDE4}.Debug|x86.ActiveCfg = Debug|Any CPU
		{C2D2D728-4BA7-4BF8-961E-FCF156D4BDE4}.Debug|x86.Build.0 = Debug|Any CPU
		{C2D2D728-4BA7-4BF8-961E-FCF156D4BDE4}.Release|Any CPU.ActiveCfg = Release|Any CPU
		{C2D2D728-4BA7-4BF8-961E-FCF156D4BDE4}.Release|Any CPU.Build.0 = Release|Any CPU
		{C2D2D728-4BA7-4BF8-961E-FCF156D4BDE4}.Release|x64.ActiveCfg = Release|Any CPU
		{C2D2D728-4BA7-4BF8-961E-FCF156D4BDE4}.Release|x64.Build.0 = Release|Any CPU
		{C2D2D728-4BA7-4BF8-961E-FCF156D4BDE4}.Release|x86.ActiveCfg = Release|Any CPU
		{C2D2D728-4BA7-4BF8-961E-FCF156D4BDE4}.Release|x86.Build.0 = Release|Any CPU
		{E733C1DB-127D-4AF1-92D5-EEB0F7E4184D}.Debug|Any CPU.ActiveCfg = Debug|Any CPU
		{E733C1DB-127D-4AF1-92D5-EEB0F7E4184D}.Debug|Any CPU.Build.0 = Debug|Any CPU
		{E733C1DB-127D-4AF1-92D5-EEB0F7E4184D}.Debug|x64.ActiveCfg = Debug|Any CPU
		{E733C1DB-127D-4AF1-92D5-EEB0F7E4184D}.Debug|x64.Build.0 = Debug|Any CPU
		{E733C1DB-127D-4AF1-92D5-EEB0F7E4184D}.Debug|x86.ActiveCfg = Debug|Any CPU
		{E733C1DB-127D-4AF1-92D5-EEB0F7E4184D}.Debug|x86.Build.0 = Debug|Any CPU
		{E733C1DB-127D-4AF1-92D5-EEB0F7E4184D}.Release|Any CPU.ActiveCfg = Release|Any CPU
		{E733C1DB-127D-4AF1-92D5-EEB0F7E4184D}.Release|Any CPU.Build.0 = Release|Any CPU
		{E733C1DB-127D-4AF1-92D5-EEB0F7E4184D}.Release|x64.ActiveCfg = Release|Any CPU
		{E733C1DB-127D-4AF1-92D5-EEB0F7E4184D}.Release|x64.Build.0 = Release|Any CPU
		{E733C1DB-127D-4AF1-92D5-EEB0F7E4184D}.Release|x86.ActiveCfg = Release|Any CPU
		{E733C1DB-127D-4AF1-92D5-EEB0F7E4184D}.Release|x86.Build.0 = Release|Any CPU
		{A3600741-4A89-4DC4-AF04-57B763730739}.Debug|Any CPU.ActiveCfg = Debug|Any CPU
		{A3600741-4A89-4DC4-AF04-57B763730739}.Debug|Any CPU.Build.0 = Debug|Any CPU
		{A3600741-4A89-4DC4-AF04-57B763730739}.Debug|x64.ActiveCfg = Debug|Any CPU
		{A3600741-4A89-4DC4-AF04-57B763730739}.Debug|x64.Build.0 = Debug|Any CPU
		{A3600741-4A89-4DC4-AF04-57B763730739}.Debug|x86.ActiveCfg = Debug|Any CPU
		{A3600741-4A89-4DC4-AF04-57B763730739}.Debug|x86.Build.0 = Debug|Any CPU
		{A3600741-4A89-4DC4-AF04-57B763730739}.Release|Any CPU.ActiveCfg = Release|Any CPU
		{A3600741-4A89-4DC4-AF04-57B763730739}.Release|Any CPU.Build.0 = Release|Any CPU
		{A3600741-4A89-4DC4-AF04-57B763730739}.Release|x64.ActiveCfg = Release|Any CPU
		{A3600741-4A89-4DC4-AF04-57B763730739}.Release|x64.Build.0 = Release|Any CPU
		{A3600741-4A89-4DC4-AF04-57B763730739}.Release|x86.ActiveCfg = Release|Any CPU
		{A3600741-4A89-4DC4-AF04-57B763730739}.Release|x86.Build.0 = Release|Any CPU
	EndGlobalSection
	GlobalSection(SolutionProperties) = preSolution
		HideSolutionNode = FALSE
	EndGlobalSection
	GlobalSection(NestedProjects) = preSolution
		{3C12EB45-20AF-473F-ACB7-12FB8A20E810} = {1AE8ACA6-933B-BF2A-3671-3E2EAC007D16}
		{5D27B3E5-145B-40B2-8A66-E8F8E1C20E7A} = {1AE8ACA6-933B-BF2A-3671-3E2EAC007D16}
		{BA410633-00E2-4583-96CE-CCA679355A16} = {1AE8ACA6-933B-BF2A-3671-3E2EAC007D16}
		{81A8B0AC-8981-485B-86D6-82AB7325C4D0} = {1AE8ACA6-933B-BF2A-3671-3E2EAC007D16}
		{42E27065-67E3-4A28-8EA6-3DC4313DEB8B} = {1AE8ACA6-933B-BF2A-3671-3E2EAC007D16}
		{CF492A83-2F59-473D-A6ED-B9F4CA54060F} = {1AE8ACA6-933B-BF2A-3671-3E2EAC007D16}
		{765B6C61-7E0D-4DE2-BC88-CF2F74C0B576} = {1AE8ACA6-933B-BF2A-3671-3E2EAC007D16}
		{D31DA095-3196-44B1-B953-946C56CAE3F2} = {1AE8ACA6-933B-BF2A-3671-3E2EAC007D16}
		{6C62FF4E-E06C-4ED2-8B25-C9D8495AF0AA} = {1AE8ACA6-933B-BF2A-3671-3E2EAC007D16}
		{396F717B-26CB-42FE-B3AF-DB65B9BCA272} = {1AE8ACA6-933B-BF2A-3671-3E2EAC007D16}
		{D62C7C14-5FF6-4F4F-82D2-D8164E79A2C2} = {1AE8ACA6-933B-BF2A-3671-3E2EAC007D16}
		{C3008290-4D75-48BE-A379-2A63445A23D1} = {1AE8ACA6-933B-BF2A-3671-3E2EAC007D16}
		{C2D2D728-4BA7-4BF8-961E-FCF156D4BDE4} = {1AE8ACA6-933B-BF2A-3671-3E2EAC007D16}
		{E733C1DB-127D-4AF1-92D5-EEB0F7E4184D} = {1AE8ACA6-933B-BF2A-3671-3E2EAC007D16}
		{A3600741-4A89-4DC4-AF04-57B763730739} = {CE609670-85B9-0D16-FB54-ED063D5D8A6D}
	EndGlobalSection
EndGlobal
