{
  "version": 1,
  "dependencies": {
    "net10.0": {
      "OpenTelemetry": {
        "type": "Transitive",
        "resolved": "1.17.0",
        "contentHash": "rMLOTftlMlTm7+MSrvXDHnJRjVkROFNKXHZrYjOsX+LankaFG7QSflx7qRRGjoqZoirohnxmJQ7GEb9occO4Gg==",
        "dependencies": {
          "OpenTelemetry.Api.ProviderBuilderExtensions": "1.17.0"
        }
      },
      "OpenTelemetry.Api": {
        "type": "Transitive",
        "resolved": "1.17.0",
        "contentHash": "mSBxzomZgHIJu9CyVNqyDu/n2JHEtqVgfcCD1Br0cV5iLYogjZOMqhlVLt99PEp+0KGBNUR3GXgeOdN2GR3F9g=="
      },
      "OpenTelemetry.Api.ProviderBuilderExtensions": {
        "type": "Transitive",
        "resolved": "1.17.0",
        "contentHash": "Xgc3Qf9B9TFMFpx6exTdGqMWuYIT2miNzkdMPutVvT9YuMFaEovXWke1Gb6z8NxYaQbbGF38vYLuSg1JCeui5Q==",
        "dependencies": {
          "OpenTelemetry.Api": "1.17.0"
        }
      },
      "OpenTelemetry.Exporter.OpenTelemetryProtocol": {
        "type": "Transitive",
        "resolved": "1.17.0",
        "contentHash": "R1omQOrQpGlS0Cp5UIr/TAiuEA48JrPlgr1NPV5gESiTU7HhWU+ILe2EBSYb1fKdsSavZ7nZkHcUxAzofPqr2A==",
        "dependencies": {
          "OpenTelemetry": "1.17.0"
        }
      },
      "OpenTelemetry.Extensions.Hosting": {
        "type": "Transitive",
        "resolved": "1.17.0",
        "contentHash": "t1OwL/4qgboGMobYVT+UV5zgWnFqCp4Pw8lcsmzh8m2K8PQsTKkyxrC32tqYTMYny3GOW4q5cltE3dTVzLmRew==",
        "dependencies": {
          "OpenTelemetry": "1.17.0"
        }
      },
      "OpenTelemetry.Instrumentation.AspNetCore": {
        "type": "Transitive",
        "resolved": "1.17.0",
        "contentHash": "rGbmk1vuy1kvgZmE0ps7Vb99YZvDap6AalrrF60FwnNit1uW/PbeFZj1cpb0T8MPkYmjhBrRJ1/JB6QqXkRjHA==",
        "dependencies": {
          "OpenTelemetry.Api.ProviderBuilderExtensions": "[1.17.0, 2.0.0)"
        }
      },
      "platform.agenticwork": {
        "type": "Project",
        "dependencies": {
          "Platform.Application": "[1.0.0, )",
          "Platform.Domain": "[1.0.0, )"
        }
      },
      "platform.application": {
        "type": "Project",
        "dependencies": {
          "Platform.Domain": "[1.0.0, )"
        }
      },
      "platform.domain": {
        "type": "Project"
      },
      "platform.enterprisemodel": {
        "type": "Project",
        "dependencies": {
          "Platform.Application": "[1.0.0, )",
          "Platform.Domain": "[1.0.0, )"
        }
      },
      "platform.evidence": {
        "type": "Project",
        "dependencies": {
          "Platform.Application": "[1.0.0, )",
          "Platform.Domain": "[1.0.0, )"
        }
      },
      "platform.governance": {
        "type": "Project",
        "dependencies": {
          "Platform.Application": "[1.0.0, )",
          "Platform.Domain": "[1.0.0, )"
        }
      },
      "platform.identity": {
        "type": "Project",
        "dependencies": {
          "Platform.Application": "[1.0.0, )",
          "Platform.Domain": "[1.0.0, )"
        }
      },
      "platform.infrastructure": {
        "type": "Project",
        "dependencies": {
          "Platform.Application": "[1.0.0, )",
          "Platform.Domain": "[1.0.0, )"
        }
      },
      "platform.integrations": {
        "type": "Project",
        "dependencies": {
          "Platform.Application": "[1.0.0, )",
          "Platform.Domain": "[1.0.0, )"
        }
      },
      "platform.knowledge": {
        "type": "Project",
        "dependencies": {
          "Platform.Application": "[1.0.0, )",
          "Platform.Domain": "[1.0.0, )",
          "Platform.Identity": "[1.0.0, )"
        }
      },
      "platform.modeling": {
        "type": "Project",
        "dependencies": {
          "Platform.Application": "[1.0.0, )",
          "Platform.Domain": "[1.0.0, )",
          "Platform.EnterpriseModel": "[1.0.0, )"
        }
      },
      "platform.observability": {
        "type": "Project",
        "dependencies": {
          "OpenTelemetry.Exporter.OpenTelemetryProtocol": "[1.17.0, )",
          "OpenTelemetry.Extensions.Hosting": "[1.17.0, )",
          "OpenTelemetry.Instrumentation.AspNetCore": "[1.17.0, )",
          "Platform.Application": "[1.0.0, )",
          "Platform.Domain": "[1.0.0, )"
        }
      },
      "platform.softwarefactory": {
        "type": "Project",
        "dependencies": {
          "Platform.Application": "[1.0.0, )",
          "Platform.Domain": "[1.0.0, )"
        }
      }
    }
  }
}