{
  "version": 1,
  "dependencies": {
    "net10.0": {
      "platform.application": {
        "type": "Project",
        "dependencies": {
          "Platform.Domain": "[1.0.0, )"
        }
      },
      "platform.domain": {
        "type": "Project"
      },
      "platform.identity": {
        "type": "Project",
        "dependencies": {
          "Platform.Application": "[1.0.0, )",
          "Platform.Domain": "[1.0.0, )"
        }
      }
    }
  }
}